
Microsoft Visual Studio Solution File, Format Version 12.00
# Visual Studio Version 17
VisualStudioVersion = 17.8.34525.116
MinimumVisualStudioVersion = 10.0.40219.1
Project("{00D1A9C2-B5F0-4AF3-8072-F6C62B433612}") = "PreCheck", "PreCheck\PreCheck.sqlproj", "{EE1AB95C-3D9F-45CC-BEA3-A5A2965B5190}"
EndProject
Global
	GlobalSection(SolutionConfigurationPlatforms) = preSolution
		Debug|Any CPU = Debug|Any CPU
		Release|Any CPU = Release|Any CPU
	EndGlobalSection
	GlobalSection(ProjectConfigurationPlatforms) = postSolution
		{EE1AB95C-3D9F-45CC-BEA3-A5A2965B5190}.Debug|Any CPU.ActiveCfg = Debug|Any CPU
		{EE1AB95C-3D9F-45CC-BEA3-A5A2965B5190}.Debug|Any CPU.Build.0 = Debug|Any CPU
		{EE1AB95C-3D9F-45CC-BEA3-A5A2965B5190}.Debug|Any CPU.Deploy.0 = Debug|Any CPU
		{EE1AB95C-3D9F-45CC-BEA3-A5A2965B5190}.Release|Any CPU.ActiveCfg = Release|Any CPU
		{EE1AB95C-3D9F-45CC-BEA3-A5A2965B5190}.Release|Any CPU.Build.0 = Release|Any CPU
		{EE1AB95C-3D9F-45CC-BEA3-A5A2965B5190}.Release|Any CPU.Deploy.0 = Release|Any CPU
	EndGlobalSection
	GlobalSection(SolutionProperties) = preSolution
		HideSolutionNode = FALSE
	EndGlobalSection
	GlobalSection(ExtensibilityGlobals) = postSolution
		SolutionGuid = {C0B9A792-A2BA-4F5C-BCF9-26882D9B72C2}
	EndGlobalSection
EndGlobal
